
Microsoft Visual Studio Solution File, Format Version 12.00
# Visual Studio Version 16
VisualStudioVersion = 16.0.31025.194
MinimumVisualStudioVersion = 10.0.40219.1
Project("{FAE04EC0-301F-11D3-BF4B-00C04F79EFBC}") = "RPProfileDownloader", "RPProfileDownloader.csproj", "{BA818BE1-7467-48A7-90F1-F064EE6F613D}"
EndProject
Global
	GlobalSection(SolutionConfigurationPlatforms) = preSolution
		Debug|Any CPU = Debug|Any CPU
		Release|Any CPU = Release|Any CPU
	EndGlobalSection
	GlobalSection(ProjectConfigurationPlatforms) = postSolution
		{BA818BE1-7467-48A7-90F1-F064EE6F613D}.Debug|Any CPU.ActiveCfg = Debug|Any CPU
		{BA818BE1-7467-48A7-90F1-F064EE6F613D}.Debug|Any CPU.Build.0 = Debug|Any CPU
		{BA818BE1-7467-48A7-90F1-F064EE6F613D}.Release|Any CPU.ActiveCfg = Release|Any CPU
		{BA818BE1-7467-48A7-90F1-F064EE6F613D}.Release|Any CPU.Build.0 = Release|Any CPU
	EndGlobalSection
	GlobalSection(SolutionProperties) = preSolution
		HideSolutionNode = FALSE
	EndGlobalSection
	GlobalSection(ExtensibilityGlobals) = postSolution
		SolutionGuid = {1F27ED59-311D-4EF4-B30C-FE1FEFEDA3C8}
	EndGlobalSection
EndGlobal
